// !$*UTF8*$!
{
	archiveVersion = 1;
	classes = {
	};
	objectVersion = 50;
	objects = {

/* Begin PBXBuildFile section */
		765F2E2D94C8090C834913C7 /* libPods-WorkflowCombineSampleAppUnitTests.a in Frameworks */ = {isa = PBXBuildFile; fileRef = 5B3BB606C2D22FA463DF9FE9 /* libPods-WorkflowCombineSampleAppUnitTests.a */; };
		9A8259C8C723B39466D03271 /* libPods-WorkflowCombineSampleApp.a in Frameworks */ = {isa = PBXBuildFile; fileRef = FB177673F3D3F7E40B2E3F52 /* libPods-WorkflowCombineSampleApp.a */; };
		F9148E582730496400A2A822 /* WorkflowCombineSampleAppUnitTests.swift in Sources */ = {isa = PBXBuildFile; fileRef = F9148E572730496400A2A822 /* WorkflowCombineSampleAppUnitTests.swift */; };
		F91FC5E1272B5EF000F19C3D /* AppDelegate.swift in Sources */ = {isa = PBXBuildFile; fileRef = F91FC5E0272B5EF000F19C3D /* AppDelegate.swift */; };
		F91FC5E3272B5EF000F19C3D /* SceneDelegate.swift in Sources */ = {isa = PBXBuildFile; fileRef = F91FC5E2272B5EF000F19C3D /* SceneDelegate.swift */; };
		F91FC5E5272B5EF000F19C3D /* ViewController.swift in Sources */ = {isa = PBXBuildFile; fileRef = F91FC5E4272B5EF000F19C3D /* ViewController.swift */; };
		F91FC5E8272B5EF000F19C3D /* Main.storyboard in Resources */ = {isa = PBXBuildFile; fileRef = F91FC5E6272B5EF000F19C3D /* Main.storyboard */; };
		F91FC5EA272B5EF700F19C3D /* Assets.xcassets in Resources */ = {isa = PBXBuildFile; fileRef = F91FC5E9272B5EF700F19C3D /* Assets.xcassets */; };
		F91FC5ED272B5EF700F19C3D /* LaunchScreen.storyboard in Resources */ = {isa = PBXBuildFile; fileRef = F91FC5EB272B5EF700F19C3D /* LaunchScreen.storyboard */; };
		F91FC5F6272B5F0500F19C3D /* DemoWorkflow.swift in Sources */ = {isa = PBXBuildFile; fileRef = F91FC5F4272B5F0500F19C3D /* DemoWorkflow.swift */; };
		F91FC5F7272B5F0500F19C3D /* DemoWorker.swift in Sources */ = {isa = PBXBuildFile; fileRef = F91FC5F5272B5F0500F19C3D /* DemoWorker.swift */; };
		F91FC5F9272B5FBB00F19C3D /* DemoViewController.swift in Sources */ = {isa = PBXBuildFile; fileRef = F91FC5F8272B5FBB00F19C3D /* DemoViewController.swift */; };
/* End PBXBuildFile section */

/* Begin PBXContainerItemProxy section */
		F9148E5A2730496400A2A822 /* PBXContainerItemProxy */ = {
			isa = PBXContainerItemProxy;
			containerPortal = F91FC5D5272B5EF000F19C3D /* Project object */;
			proxyType = 1;
			remoteGlobalIDString = F91FC5DC272B5EF000F19C3D;
			remoteInfo = WorkflowCombineSampleApp;
		};
/* End PBXContainerItemProxy section */

/* Begin PBXFileReference section */
		5B3BB606C2D22FA463DF9FE9 /* libPods-WorkflowCombineSampleAppUnitTests.a */ = {isa = PBXFileReference; explicitFileType = archive.ar; includeInIndex = 0; path = "libPods-WorkflowCombineSampleAppUnitTests.a"; sourceTree = BUILT_PRODUCTS_DIR; };
		6EC8006ECC2D615830927194 /* Pods-WorkflowCombineSampleAppUnitTests.release.xcconfig */ = {isa = PBXFileReference; includeInIndex = 1; lastKnownFileType = text.xcconfig; name = "Pods-WorkflowCombineSampleAppUnitTests.release.xcconfig"; path = "Target Support Files/Pods-WorkflowCombineSampleAppUnitTests/Pods-WorkflowCombineSampleAppUnitTests.release.xcconfig"; sourceTree = "<group>"; };
		9CD0CAA819EECAD20D89C730 /* Pods-WorkflowCombineSampleApp.debug.xcconfig */ = {isa = PBXFileReference; includeInIndex = 1; lastKnownFileType = text.xcconfig; name = "Pods-WorkflowCombineSampleApp.debug.xcconfig"; path = "Target Support Files/Pods-WorkflowCombineSampleApp/Pods-WorkflowCombineSampleApp.debug.xcconfig"; sourceTree = "<group>"; };
		CD5C74CDD3F93E878B7A7ED3 /* Pods-WorkflowCombineSampleApp-WorkflowCombineSampleAppUnitTests.debug.xcconfig */ = {isa = PBXFileReference; includeInIndex = 1; lastKnownFileType = text.xcconfig; name = "Pods-WorkflowCombineSampleApp-WorkflowCombineSampleAppUnitTests.debug.xcconfig"; path = "Target Support Files/Pods-WorkflowCombineSampleApp-WorkflowCombineSampleAppUnitTests/Pods-WorkflowCombineSampleApp-WorkflowCombineSampleAppUnitTests.debug.xcconfig"; sourceTree = "<group>"; };
		D83DC771AA69FE4772B1ADD3 /* Pods-WorkflowCombineSampleApp-WorkflowCombineSampleAppUnitTests.release.xcconfig */ = {isa = PBXFileReference; includeInIndex = 1; lastKnownFileType = text.xcconfig; name = "Pods-WorkflowCombineSampleApp-WorkflowCombineSampleAppUnitTests.release.xcconfig"; path = "Target Support Files/Pods-WorkflowCombineSampleApp-WorkflowCombineSampleAppUnitTests/Pods-WorkflowCombineSampleApp-WorkflowCombineSampleAppUnitTests.release.xcconfig"; sourceTree = "<group>"; };
		DCBB19D1BA1D3E7BDFA35AAC /* Pods-WorkflowCombineSampleApp.release.xcconfig */ = {isa = PBXFileReference; includeInIndex = 1; lastKnownFileType = text.xcconfig; name = "Pods-WorkflowCombineSampleApp.release.xcconfig"; path = "Target Support Files/Pods-WorkflowCombineSampleApp/Pods-WorkflowCombineSampleApp.release.xcconfig"; sourceTree = "<group>"; };
		DE091C17D6BFBA3117FD439A /* Pods-WorkflowCombineSampleAppUnitTests.debug.xcconfig */ = {isa = PBXFileReference; includeInIndex = 1; lastKnownFileType = text.xcconfig; name = "Pods-WorkflowCombineSampleAppUnitTests.debug.xcconfig"; path = "Target Support Files/Pods-WorkflowCombineSampleAppUnitTests/Pods-WorkflowCombineSampleAppUnitTests.debug.xcconfig"; sourceTree = "<group>"; };
		F9148E552730496400A2A822 /* WorkflowCombineSampleAppUnitTests.xctest */ = {isa = PBXFileReference; explicitFileType = wrapper.cfbundle; includeInIndex = 0; path = WorkflowCombineSampleAppUnitTests.xctest; sourceTree = BUILT_PRODUCTS_DIR; };
		F9148E572730496400A2A822 /* WorkflowCombineSampleAppUnitTests.swift */ = {isa = PBXFileReference; lastKnownFileType = sourcecode.swift; path = WorkflowCombineSampleAppUnitTests.swift; sourceTree = "<group>"; };
		F9148E592730496400A2A822 /* Info.plist */ = {isa = PBXFileReference; lastKnownFileType = text.plist.xml; path = Info.plist; sourceTree = "<group>"; };
		F91FC5DD272B5EF000F19C3D /* WorkflowCombineSampleApp.app */ = {isa = PBXFileReference; explicitFileType = wrapper.application; includeInIndex = 0; path = WorkflowCombineSampleApp.app; sourceTree = BUILT_PRODUCTS_DIR; };
		F91FC5E0272B5EF000F19C3D /* AppDelegate.swift */ = {isa = PBXFileReference; lastKnownFileType = sourcecode.swift; path = AppDelegate.swift; sourceTree = "<group>"; };
		F91FC5E2272B5EF000F19C3D /* SceneDelegate.swift */ = {isa = PBXFileReference; lastKnownFileType = sourcecode.swift; path = SceneDelegate.swift; sourceTree = "<group>"; };
		F91FC5E4272B5EF000F19C3D /* ViewController.swift */ = {isa = PBXFileReference; lastKnownFileType = sourcecode.swift; path = ViewController.swift; sourceTree = "<group>"; };
		F91FC5E7272B5EF000F19C3D /* Base */ = {isa = PBXFileReference; lastKnownFileType = file.storyboard; name = Base; path = Base.lproj/Main.storyboard; sourceTree = "<group>"; };
		F91FC5E9272B5EF700F19C3D /* Assets.xcassets */ = {isa = PBXFileReference; lastKnownFileType = folder.assetcatalog; path = Assets.xcassets; sourceTree = "<group>"; };
		F91FC5EC272B5EF700F19C3D /* Base */ = {isa = PBXFileReference; lastKnownFileType = file.storyboard; name = Base; path = Base.lproj/LaunchScreen.storyboard; sourceTree = "<group>"; };
		F91FC5EE272B5EF700F19C3D /* Info.plist */ = {isa = PBXFileReference; lastKnownFileType = text.plist.xml; path = Info.plist; sourceTree = "<group>"; };
		F91FC5F4272B5F0500F19C3D /* DemoWorkflow.swift */ = {isa = PBXFileReference; fileEncoding = 4; lastKnownFileType = sourcecode.swift; path = DemoWorkflow.swift; sourceTree = "<group>"; };
		F91FC5F5272B5F0500F19C3D /* DemoWorker.swift */ = {isa = PBXFileReference; fileEncoding = 4; lastKnownFileType = sourcecode.swift; path = DemoWorker.swift; sourceTree = "<group>"; };
		F91FC5F8272B5FBB00F19C3D /* DemoViewController.swift */ = {isa = PBXFileReference; lastKnownFileType = sourcecode.swift; path = DemoViewController.swift; sourceTree = "<group>"; };
		FB177673F3D3F7E40B2E3F52 /* libPods-WorkflowCombineSampleApp.a */ = {isa = PBXFileReference; explicitFileType = archive.ar; includeInIndex = 0; path = "libPods-WorkflowCombineSampleApp.a"; sourceTree = BUILT_PRODUCTS_DIR; };
/* End PBXFileReference section */

/* Begin PBXFrameworksBuildPhase section */
		F9148E522730496400A2A822 /* Frameworks */ = {
			isa = PBXFrameworksBuildPhase;
			buildActionMask = 2147483647;
			files = (
				765F2E2D94C8090C834913C7 /* libPods-WorkflowCombineSampleAppUnitTests.a in Frameworks */,
			);
			runOnlyForDeploymentPostprocessing = 0;
		};
		F91FC5DA272B5EF000F19C3D /* Frameworks */ = {
			isa = PBXFrameworksBuildPhase;
			buildActionMask = 2147483647;
			files = (
				9A8259C8C723B39466D03271 /* libPods-WorkflowCombineSampleApp.a in Frameworks */,
			);
			runOnlyForDeploymentPostprocessing = 0;
		};
/* End PBXFrameworksBuildPhase section */

/* Begin PBXGroup section */
		2301A5C693F40633B788F033 /* Frameworks */ = {
			isa = PBXGroup;
			children = (
				FB177673F3D3F7E40B2E3F52 /* libPods-WorkflowCombineSampleApp.a */,
				5B3BB606C2D22FA463DF9FE9 /* libPods-WorkflowCombineSampleAppUnitTests.a */,
			);
			name = Frameworks;
			sourceTree = "<group>";
		};
		5B949144518AC7D6FECAFCBF /* Pods */ = {
			isa = PBXGroup;
			children = (
				9CD0CAA819EECAD20D89C730 /* Pods-WorkflowCombineSampleApp.debug.xcconfig */,
				DCBB19D1BA1D3E7BDFA35AAC /* Pods-WorkflowCombineSampleApp.release.xcconfig */,
				DE091C17D6BFBA3117FD439A /* Pods-WorkflowCombineSampleAppUnitTests.debug.xcconfig */,
				6EC8006ECC2D615830927194 /* Pods-WorkflowCombineSampleAppUnitTests.release.xcconfig */,
				CD5C74CDD3F93E878B7A7ED3 /* Pods-WorkflowCombineSampleApp-WorkflowCombineSampleAppUnitTests.debug.xcconfig */,
				D83DC771AA69FE4772B1ADD3 /* Pods-WorkflowCombineSampleApp-WorkflowCombineSampleAppUnitTests.release.xcconfig */,
			);
			path = Pods;
			sourceTree = "<group>";
		};
		F9148E562730496400A2A822 /* WorkflowCombineSampleAppUnitTests */ = {
			isa = PBXGroup;
			children = (
				F9148E572730496400A2A822 /* WorkflowCombineSampleAppUnitTests.swift */,
				F9148E592730496400A2A822 /* Info.plist */,
			);
			path = WorkflowCombineSampleAppUnitTests;
			sourceTree = "<group>";
		};
		F91FC5D4272B5EF000F19C3D = {
			isa = PBXGroup;
			children = (
				F91FC5DF272B5EF000F19C3D /* WorkflowCombineSampleApp */,
				F9148E562730496400A2A822 /* WorkflowCombineSampleAppUnitTests */,
				F91FC5DE272B5EF000F19C3D /* Products */,
				5B949144518AC7D6FECAFCBF /* Pods */,
				2301A5C693F40633B788F033 /* Frameworks */,
			);
			sourceTree = "<group>";
		};
		F91FC5DE272B5EF000F19C3D /* Products */ = {
			isa = PBXGroup;
			children = (
				F91FC5DD272B5EF000F19C3D /* WorkflowCombineSampleApp.app */,
				F9148E552730496400A2A822 /* WorkflowCombineSampleAppUnitTests.xctest */,
			);
			name = Products;
			sourceTree = "<group>";
		};
		F91FC5DF272B5EF000F19C3D /* WorkflowCombineSampleApp */ = {
			isa = PBXGroup;
			children = (
				F91FC5F5272B5F0500F19C3D /* DemoWorker.swift */,
				F91FC5F4272B5F0500F19C3D /* DemoWorkflow.swift */,
				F91FC5E0272B5EF000F19C3D /* AppDelegate.swift */,
				F91FC5E2272B5EF000F19C3D /* SceneDelegate.swift */,
				F91FC5F8272B5FBB00F19C3D /* DemoViewController.swift */,
				F91FC5E4272B5EF000F19C3D /* ViewController.swift */,
				F91FC5E6272B5EF000F19C3D /* Main.storyboard */,
				F91FC5E9272B5EF700F19C3D /* Assets.xcassets */,
				F91FC5EB272B5EF700F19C3D /* LaunchScreen.storyboard */,
				F91FC5EE272B5EF700F19C3D /* Info.plist */,
			);
			path = WorkflowCombineSampleApp;
			sourceTree = "<group>";
		};
/* End PBXGroup section */

/* Begin PBXNativeTarget section */
		F9148E542730496400A2A822 /* WorkflowCombineSampleAppUnitTests */ = {
			isa = PBXNativeTarget;
			buildConfigurationList = F9148E5E2730496400A2A822 /* Build configuration list for PBXNativeTarget "WorkflowCombineSampleAppUnitTests" */;
			buildPhases = (
				910F3B6833A2504DA2EEA54D /* [CP] Check Pods Manifest.lock */,
				F9148E512730496400A2A822 /* Sources */,
				F9148E522730496400A2A822 /* Frameworks */,
				F9148E532730496400A2A822 /* Resources */,
			);
			buildRules = (
			);
			dependencies = (
				F9148E5B2730496400A2A822 /* PBXTargetDependency */,
			);
			name = WorkflowCombineSampleAppUnitTests;
			productName = WorkflowCombineSampleAppUnitTests;
			productReference = F9148E552730496400A2A822 /* WorkflowCombineSampleAppUnitTests.xctest */;
			productType = "com.apple.product-type.bundle.unit-test";
		};
		F91FC5DC272B5EF000F19C3D /* WorkflowCombineSampleApp */ = {
			isa = PBXNativeTarget;
			buildConfigurationList = F91FC5F1272B5EF700F19C3D /* Build configuration list for PBXNativeTarget "WorkflowCombineSampleApp" */;
			buildPhases = (
				BC8BD4A8482F12EE585D17CE /* [CP] Check Pods Manifest.lock */,
				F91FC5D9272B5EF000F19C3D /* Sources */,
				F91FC5DA272B5EF000F19C3D /* Frameworks */,
				F91FC5DB272B5EF000F19C3D /* Resources */,
			);
			buildRules = (
			);
			dependencies = (
			);
			name = WorkflowCombineSampleApp;
			productName = WorkflowCombineSampleApp;
			productReference = F91FC5DD272B5EF000F19C3D /* WorkflowCombineSampleApp.app */;
			productType = "com.apple.product-type.application";
		};
/* End PBXNativeTarget section */

/* Begin PBXProject section */
		F91FC5D5272B5EF000F19C3D /* Project object */ = {
			isa = PBXProject;
			attributes = {
				LastSwiftUpdateCheck = 1250;
				LastUpgradeCheck = 1250;
				TargetAttributes = {
					F9148E542730496400A2A822 = {
						CreatedOnToolsVersion = 12.5.1;
						TestTargetID = F91FC5DC272B5EF000F19C3D;
					};
					F91FC5DC272B5EF000F19C3D = {
						CreatedOnToolsVersion = 12.5.1;
					};
				};
			};
			buildConfigurationList = F91FC5D8272B5EF000F19C3D /* Build configuration list for PBXProject "WorkflowCombineSampleApp" */;
			compatibilityVersion = "Xcode 9.3";
			developmentRegion = en;
			hasScannedForEncodings = 0;
			knownRegions = (
				en,
				Base,
			);
			mainGroup = F91FC5D4272B5EF000F19C3D;
			productRefGroup = F91FC5DE272B5EF000F19C3D /* Products */;
			projectDirPath = "";
			projectRoot = "";
			targets = (
				F91FC5DC272B5EF000F19C3D /* WorkflowCombineSampleApp */,
				F9148E542730496400A2A822 /* WorkflowCombineSampleAppUnitTests */,
			);
		};
/* End PBXProject section */

/* Begin PBXResourcesBuildPhase section */
		F9148E532730496400A2A822 /* Resources */ = {
			isa = PBXResourcesBuildPhase;
			buildActionMask = 2147483647;
			files = (
			);
			runOnlyForDeploymentPostprocessing = 0;
		};
		F91FC5DB272B5EF000F19C3D /* Resources */ = {
			isa = PBXResourcesBuildPhase;
			buildActionMask = 2147483647;
			files = (
				F91FC5ED272B5EF700F19C3D /* LaunchScreen.storyboard in Resources */,
				F91FC5EA272B5EF700F19C3D /* Assets.xcassets in Resources */,
				F91FC5E8272B5EF000F19C3D /* Main.storyboard in Resources */,
			);
			runOnlyForDeploymentPostprocessing = 0;
		};
/* End PBXResourcesBuildPhase section */

/* Begin PBXShellScriptBuildPhase section */
		910F3B6833A2504DA2EEA54D /* [CP] Check Pods Manifest.lock */ = {
			isa = PBXShellScriptBuildPhase;
			buildActionMask = 2147483647;
			files = (
			);
			inputFileListPaths = (
			);
			inputPaths = (
				"${PODS_PODFILE_DIR_PATH}/Podfile.lock",
				"${PODS_ROOT}/Manifest.lock",
			);
			name = "[CP] Check Pods Manifest.lock";
			outputFileListPaths = (
			);
			outputPaths = (
				"$(DERIVED_FILE_DIR)/Pods-WorkflowCombineSampleAppUnitTests-checkManifestLockResult.txt",
			);
			runOnlyForDeploymentPostprocessing = 0;
			shellPath = /bin/sh;
			shellScript = "diff \"${PODS_PODFILE_DIR_PATH}/Podfile.lock\" \"${PODS_ROOT}/Manifest.lock\" > /dev/null\nif [ $? != 0 ] ; then\n    # print error to STDERR\n    echo \"error: The sandbox is not in sync with the Podfile.lock. Run 'pod install' or update your CocoaPods installation.\" >&2\n    exit 1\nfi\n# This output is used by Xcode 'outputs' to avoid re-running this script phase.\necho \"SUCCESS\" > \"${SCRIPT_OUTPUT_FILE_0}\"\n";
			showEnvVarsInLog = 0;
		};
		BC8BD4A8482F12EE585D17CE /* [CP] Check Pods Manifest.lock */ = {
			isa = PBXShellScriptBuildPhase;
			buildActionMask = 2147483647;
			files = (
			);
			inputFileListPaths = (
			);
			inputPaths = (
				"${PODS_PODFILE_DIR_PATH}/Podfile.lock",
				"${PODS_ROOT}/Manifest.lock",
			);
			name = "[CP] Check Pods Manifest.lock";
			outputFileListPaths = (
			);
			outputPaths = (
				"$(DERIVED_FILE_DIR)/Pods-WorkflowCombineSampleApp-checkManifestLockResult.txt",
			);
			runOnlyForDeploymentPostprocessing = 0;
			shellPath = /bin/sh;
			shellScript = "diff \"${PODS_PODFILE_DIR_PATH}/Podfile.lock\" \"${PODS_ROOT}/Manifest.lock\" > /dev/null\nif [ $? != 0 ] ; then\n    # print error to STDERR\n    echo \"error: The sandbox is not in sync with the Podfile.lock. Run 'pod install' or update your CocoaPods installation.\" >&2\n    exit 1\nfi\n# This output is used by Xcode 'outputs' to avoid re-running this script phase.\necho \"SUCCESS\" > \"${SCRIPT_OUTPUT_FILE_0}\"\n";
			showEnvVarsInLog = 0;
		};
/* End PBXShellScriptBuildPhase section */

/* Begin PBXSourcesBuildPhase section */
		F9148E512730496400A2A822 /* Sources */ = {
			isa = PBXSourcesBuildPhase;
			buildActionMask = 2147483647;
			files = (
				F9148E582730496400A2A822 /* WorkflowCombineSampleAppUnitTests.swift in Sources */,
			);
			runOnlyForDeploymentPostprocessing = 0;
		};
		F91FC5D9272B5EF000F19C3D /* Sources */ = {
			isa = PBXSourcesBuildPhase;
			buildActionMask = 2147483647;
			files = (
				F91FC5E5272B5EF000F19C3D /* ViewController.swift in Sources */,
				F91FC5F7272B5F0500F19C3D /* DemoWorker.swift in Sources */,
				F91FC5F6272B5F0500F19C3D /* DemoWorkflow.swift in Sources */,
				F91FC5F9272B5FBB00F19C3D /* DemoViewController.swift in Sources */,
				F91FC5E1272B5EF000F19C3D /* AppDelegate.swift in Sources */,
				F91FC5E3272B5EF000F19C3D /* SceneDelegate.swift in Sources */,
			);
			runOnlyForDeploymentPostprocessing = 0;
		};
/* End PBXSourcesBuildPhase section */

/* Begin PBXTargetDependency section */
		F9148E5B2730496400A2A822 /* PBXTargetDependency */ = {
			isa = PBXTargetDependency;
			target = F91FC5DC272B5EF000F19C3D /* WorkflowCombineSampleApp */;
			targetProxy = F9148E5A2730496400A2A822 /* PBXContainerItemProxy */;
		};
/* End PBXTargetDependency section */

/* Begin PBXVariantGroup section */
		F91FC5E6272B5EF000F19C3D /* Main.storyboard */ = {
			isa = PBXVariantGroup;
			children = (
				F91FC5E7272B5EF000F19C3D /* Base */,
			);
			name = Main.storyboard;
			sourceTree = "<group>";
		};
		F91FC5EB272B5EF700F19C3D /* LaunchScreen.storyboard */ = {
			isa = PBXVariantGroup;
			children = (
				F91FC5EC272B5EF700F19C3D /* Base */,
			);
			name = LaunchScreen.storyboard;
			sourceTree = "<group>";
		};
/* End PBXVariantGroup section */

/* Begin XCBuildConfiguration section */
		F9148E5C2730496400A2A822 /* Debug */ = {
			isa = XCBuildConfiguration;
			baseConfigurationReference = DE091C17D6BFBA3117FD439A /* Pods-WorkflowCombineSampleAppUnitTests.debug.xcconfig */;
			buildSettings = {
				BUNDLE_LOADER = "$(TEST_HOST)";
				CODE_SIGN_STYLE = Automatic;
				INFOPLIST_FILE = WorkflowCombineSampleAppUnitTests/Info.plist;
				LD_RUNPATH_SEARCH_PATHS = (
					"$(inherited)",
					"@executable_path/Frameworks",
					"@loader_path/Frameworks",
				);
				PRODUCT_BUNDLE_IDENTIFIER = com.soorinpark.parkornapp.WorkflowCombineSampleAppUnitTests;
				PRODUCT_NAME = "$(TARGET_NAME)";
				SWIFT_VERSION = 5.0;
				TARGETED_DEVICE_FAMILY = "1,2";
				TEST_HOST = "$(BUILT_PRODUCTS_DIR)/WorkflowCombineSampleApp.app/WorkflowCombineSampleApp";
			};
			name = Debug;
		};
		F9148E5D2730496400A2A822 /* Release */ = {
			isa = XCBuildConfiguration;
			baseConfigurationReference = 6EC8006ECC2D615830927194 /* Pods-WorkflowCombineSampleAppUnitTests.release.xcconfig */;
			buildSettings = {
				BUNDLE_LOADER = "$(TEST_HOST)";
				CODE_SIGN_STYLE = Automatic;
				INFOPLIST_FILE = WorkflowCombineSampleAppUnitTests/Info.plist;
				LD_RUNPATH_SEARCH_PATHS = (
					"$(inherited)",
					"@executable_path/Frameworks",
					"@loader_path/Frameworks",
				);
				PRODUCT_BUNDLE_IDENTIFIER = com.soorinpark.parkornapp.WorkflowCombineSampleAppUnitTests;
				PRODUCT_NAME = "$(TARGET_NAME)";
				SWIFT_VERSION = 5.0;
				TARGETED_DEVICE_FAMILY = "1,2";
				TEST_HOST = "$(BUILT_PRODUCTS_DIR)/WorkflowCombineSampleApp.app/WorkflowCombineSampleApp";
			};
			name = Release;
		};
		F91FC5EF272B5EF700F19C3D /* Debug */ = {
			isa = XCBuildConfiguration;
			buildSettings = {
				ALWAYS_SEARCH_USER_PATHS = NO;
				CLANG_ANALYZER_NONNULL = YES;
				CLANG_ANALYZER_NUMBER_OBJECT_CONVERSION = YES_AGGRESSIVE;
				CLANG_CXX_LANGUAGE_STANDARD = "gnu++14";
				CLANG_CXX_LIBRARY = "libc++";
				CLANG_ENABLE_MODULES = YES;
				CLANG_ENABLE_OBJC_ARC = YES;
				CLANG_ENABLE_OBJC_WEAK = YES;
				CLANG_WARN_BLOCK_CAPTURE_AUTORELEASING = YES;
				CLANG_WARN_BOOL_CONVERSION = YES;
				CLANG_WARN_COMMA = YES;
				CLANG_WARN_CONSTANT_CONVERSION = YES;
				CLANG_WARN_DEPRECATED_OBJC_IMPLEMENTATIONS = YES;
				CLANG_WARN_DIRECT_OBJC_ISA_USAGE = YES_ERROR;
				CLANG_WARN_DOCUMENTATION_COMMENTS = YES;
				CLANG_WARN_EMPTY_BODY = YES;
				CLANG_WARN_ENUM_CONVERSION = YES;
				CLANG_WARN_INFINITE_RECURSION = YES;
				CLANG_WARN_INT_CONVERSION = YES;
				CLANG_WARN_NON_LITERAL_NULL_CONVERSION = YES;
				CLANG_WARN_OBJC_IMPLICIT_RETAIN_SELF = YES;
				CLANG_WARN_OBJC_LITERAL_CONVERSION = YES;
				CLANG_WARN_OBJC_ROOT_CLASS = YES_ERROR;
				CLANG_WARN_QUOTED_INCLUDE_IN_FRAMEWORK_HEADER = YES;
				CLANG_WARN_RANGE_LOOP_ANALYSIS = YES;
				CLANG_WARN_STRICT_PROTOTYPES = YES;
				CLANG_WARN_SUSPICIOUS_MOVE = YES;
				CLANG_WARN_UNGUARDED_AVAILABILITY = YES_AGGRESSIVE;
				CLANG_WARN_UNREACHABLE_CODE = YES;
				CLANG_WARN__DUPLICATE_METHOD_MATCH = YES;
				COPY_PHASE_STRIP = NO;
				DEBUG_INFORMATION_FORMAT = dwarf;
				ENABLE_STRICT_OBJC_MSGSEND = YES;
				ENABLE_TESTABILITY = YES;
				GCC_C_LANGUAGE_STANDARD = gnu11;
				GCC_DYNAMIC_NO_PIC = NO;
				GCC_NO_COMMON_BLOCKS = YES;
				GCC_OPTIMIZATION_LEVEL = 0;
				GCC_PREPROCESSOR_DEFINITIONS = (
					"DEBUG=1",
					"$(inherited)",
				);
				GCC_WARN_64_TO_32_BIT_CONVERSION = YES;
				GCC_WARN_ABOUT_RETURN_TYPE = YES_ERROR;
				GCC_WARN_UNDECLARED_SELECTOR = YES;
				GCC_WARN_UNINITIALIZED_AUTOS = YES_AGGRESSIVE;
				GCC_WARN_UNUSED_FUNCTION = YES;
				GCC_WARN_UNUSED_VARIABLE = YES;
				IPHONEOS_DEPLOYMENT_TARGET = 14.5;
				MTL_ENABLE_DEBUG_INFO = INCLUDE_SOURCE;
				MTL_FAST_MATH = YES;
				ONLY_ACTIVE_ARCH = YES;
				SDKROOT = iphoneos;
				SWIFT_ACTIVE_COMPILATION_CONDITIONS = DEBUG;
				SWIFT_OPTIMIZATION_LEVEL = "-Onone";
			};
			name = Debug;
		};
		F91FC5F0272B5EF700F19C3D /* Release */ = {
			isa = XCBuildConfiguration;
			buildSettings = {
				ALWAYS_SEARCH_USER_PATHS = NO;
				CLANG_ANALYZER_NONNULL = YES;
				CLANG_ANALYZER_NUMBER_OBJECT_CONVERSION = YES_AGGRESSIVE;
				CLANG_CXX_LANGUAGE_STANDARD = "gnu++14";
				CLANG_CXX_LIBRARY = "libc++";
				CLANG_ENABLE_MODULES = YES;
				CLANG_ENABLE_OBJC_ARC = YES;
				CLANG_ENABLE_OBJC_WEAK = YES;
				CLANG_WARN_BLOCK_CAPTURE_AUTORELEASING = YES;
				CLANG_WARN_BOOL_CONVERSION = YES;
				CLANG_WARN_COMMA = YES;
				CLANG_WARN_CONSTANT_CONVERSION = YES;
				CLANG_WARN_DEPRECATED_OBJC_IMPLEMENTATIONS = YES;
				CLANG_WARN_DIRECT_OBJC_ISA_USAGE = YES_ERROR;
				CLANG_WARN_DOCUMENTATION_COMMENTS = YES;
				CLANG_WARN_EMPTY_BODY = YES;
				CLANG_WARN_ENUM_CONVERSION = YES;
				CLANG_WARN_INFINITE_RECURSION = YES;
				CLANG_WARN_INT_CONVERSION = YES;
				CLANG_WARN_NON_LITERAL_NULL_CONVERSION = YES;
				CLANG_WARN_OBJC_IMPLICIT_RETAIN_SELF = YES;
				CLANG_WARN_OBJC_LITERAL_CONVERSION = YES;
				CLANG_WARN_OBJC_ROOT_CLASS = YES_ERROR;
				CLANG_WARN_QUOTED_INCLUDE_IN_FRAMEWORK_HEADER = YES;
				CLANG_WARN_RANGE_LOOP_ANALYSIS = YES;
				CLANG_WARN_STRICT_PROTOTYPES = YES;
				CLANG_WARN_SUSPICIOUS_MOVE = YES;
				CLANG_WARN_UNGUARDED_AVAILABILITY = YES_AGGRESSIVE;
				CLANG_WARN_UNREACHABLE_CODE = YES;
				CLANG_WARN__DUPLICATE_METHOD_MATCH = YES;
				COPY_PHASE_STRIP = NO;
				DEBUG_INFORMATION_FORMAT = "dwarf-with-dsym";
				ENABLE_NS_ASSERTIONS = NO;
				ENABLE_STRICT_OBJC_MSGSEND = YES;
				GCC_C_LANGUAGE_STANDARD = gnu11;
				GCC_NO_COMMON_BLOCKS = YES;
				GCC_WARN_64_TO_32_BIT_CONVERSION = YES;
				GCC_WARN_ABOUT_RETURN_TYPE = YES_ERROR;
				GCC_WARN_UNDECLARED_SELECTOR = YES;
				GCC_WARN_UNINITIALIZED_AUTOS = YES_AGGRESSIVE;
				GCC_WARN_UNUSED_FUNCTION = YES;
				GCC_WARN_UNUSED_VARIABLE = YES;
				IPHONEOS_DEPLOYMENT_TARGET = 14.5;
				MTL_ENABLE_DEBUG_INFO = NO;
				MTL_FAST_MATH = YES;
				SDKROOT = iphoneos;
				SWIFT_COMPILATION_MODE = wholemodule;
				SWIFT_OPTIMIZATION_LEVEL = "-O";
				VALIDATE_PRODUCT = YES;
			};
			name = Release;
		};
		F91FC5F2272B5EF700F19C3D /* Debug */ = {
			isa = XCBuildConfiguration;
			baseConfigurationReference = 9CD0CAA819EECAD20D89C730 /* Pods-WorkflowCombineSampleApp.debug.xcconfig */;
			buildSettings = {
				ASSETCATALOG_COMPILER_APPICON_NAME = AppIcon;
				ASSETCATALOG_COMPILER_GLOBAL_ACCENT_COLOR_NAME = AccentColor;
				CODE_SIGN_STYLE = Automatic;
				INFOPLIST_FILE = WorkflowCombineSampleApp/Info.plist;
				LD_RUNPATH_SEARCH_PATHS = (
					"$(inherited)",
					"@executable_path/Frameworks",
				);
				PRODUCT_BUNDLE_IDENTIFIER = com.soorinpark.parkornapp.WorkflowCombineSampleApp;
				PRODUCT_NAME = "$(TARGET_NAME)";
				SWIFT_VERSION = 5.0;
				TARGETED_DEVICE_FAMILY = "1,2";
			};
			name = Debug;
		};
		F91FC5F3272B5EF700F19C3D /* Release */ = {
			isa = XCBuildConfiguration;
			baseConfigurationReference = DCBB19D1BA1D3E7BDFA35AAC /* Pods-WorkflowCombineSampleApp.release.xcconfig */;
			buildSettings = {
				ASSETCATALOG_COMPILER_APPICON_NAME = AppIcon;
				ASSETCATALOG_COMPILER_GLOBAL_ACCENT_COLOR_NAME = AccentColor;
				CODE_SIGN_STYLE = Automatic;
				INFOPLIST_FILE = WorkflowCombineSampleApp/Info.plist;
				LD_RUNPATH_SEARCH_PATHS = (
					"$(inherited)",
					"@executable_path/Frameworks",
				);
				PRODUCT_BUNDLE_IDENTIFIER = com.soorinpark.parkornapp.WorkflowCombineSampleApp;
				PRODUCT_NAME = "$(TARGET_NAME)";
				SWIFT_VERSION = 5.0;
				TARGETED_DEVICE_FAMILY = "1,2";
			};
			name = Release;
		};
/* End XCBuildConfiguration section */

/* Begin XCConfigurationList section */
		F9148E5E2730496400A2A822 /* Build configuration list for PBXNativeTarget "WorkflowCombineSampleAppUnitTests" */ = {
			isa = XCConfigurationList;
			buildConfigurations = (
				F9148E5C2730496400A2A822 /* Debug */,
				F9148E5D2730496400A2A822 /* Release */,
			);
			defaultConfigurationIsVisible = 0;
			defaultConfigurationName = Release;
		};
		F91FC5D8272B5EF000F19C3D /* Build configuration list for PBXProject "WorkflowCombineSampleApp" */ = {
			isa = XCConfigurationList;
			buildConfigurations = (
				F91FC5EF272B5EF700F19C3D /* Debug */,
				F91FC5F0272B5EF700F19C3D /* Release */,
			);
			defaultConfigurationIsVisible = 0;
			defaultConfigurationName = Release;
		};
		F91FC5F1272B5EF700F19C3D /* Build configuration list for PBXNativeTarget "WorkflowCombineSampleApp" */ = {
			isa = XCConfigurationList;
			buildConfigurations = (
				F91FC5F2272B5EF700F19C3D /* Debug */,
				F91FC5F3272B5EF700F19C3D /* Release */,
			);
			defaultConfigurationIsVisible = 0;
			defaultConfigurationName = Release;
		};
/* End XCConfigurationList section */
	};
	rootObject = F91FC5D5272B5EF000F19C3D /* Project object */;
}
